// !$*UTF8*$!
{
	archiveVersion = 1;
	classes = {
	};
	objectVersion = 56;
	objects = {

/* Begin PBXBuildFile section */
		9DACFEB42BC8FA7F00748753 /* GITSTUDYApp.swift in Sources */ = {isa = PBXBuildFile; fileRef = 9DACFEB32BC8FA7F00748753 /* GITSTUDYApp.swift */; };
		9DACFEB62BC8FA7F00748753 /* ContentView.swift in Sources */ = {isa = PBXBuildFile; fileRef = 9DACFEB52BC8FA7F00748753 /* ContentView.swift */; };
		9DACFEB82BC8FA8000748753 /* Assets.xcassets in Resources */ = {isa = PBXBuildFile; fileRef = 9DACFEB72BC8FA8000748753 /* Assets.xcassets */; };
		9DACFEBB2BC8FA8000748753 /* Preview Assets.xcassets in Resources */ = {isa = PBXBuildFile; fileRef = 9DACFEBA2BC8FA8000748753 /* Preview Assets.xcassets */; };
		9DACFEC52BC8FA8000748753 /* GITSTUDYTests.swift in Sources */ = {isa = PBXBuildFile; fileRef = 9DACFEC42BC8FA8000748753 /* GITSTUDYTests.swift */; };
		9DACFECF2BC8FA8000748753 /* GITSTUDYUITests.swift in Sources */ = {isa = PBXBuildFile; fileRef = 9DACFECE2BC8FA8000748753 /* GITSTUDYUITests.swift */; };
		9DACFED12BC8FA8000748753 /* GITSTUDYUITestsLaunchTests.swift in Sources */ = {isa = PBXBuildFile; fileRef = 9DACFED02BC8FA8000748753 /* GITSTUDYUITestsLaunchTests.swift */; };
/* End PBXBuildFile section */

/* Begin PBXContainerItemProxy section */
		9DACFEC12BC8FA8000748753 /* PBXContainerItemProxy */ = {
			isa = PBXContainerItemProxy;
			containerPortal = 9DACFEA82BC8FA7F00748753 /* Project object */;
			proxyType = 1;
			remoteGlobalIDString = 9DACFEAF2BC8FA7F00748753;
			remoteInfo = GITSTUDY;
		};
		9DACFECB2BC8FA8000748753 /* PBXContainerItemProxy */ = {
			isa = PBXContainerItemProxy;
			containerPortal = 9DACFEA82BC8FA7F00748753 /* Project object */;
			proxyType = 1;
			remoteGlobalIDString = 9DACFEAF2BC8FA7F00748753;
			remoteInfo = GITSTUDY;
		};
/* End PBXContainerItemProxy section */

/* Begin PBXFileReference section */
		9DACFEB02BC8FA7F00748753 /* GITSTUDY.app */ = {isa = PBXFileReference; explicitFileType = wrapper.application; includeInIndex = 0; path = GITSTUDY.app; sourceTree = BUILT_PRODUCTS_DIR; };
		9DACFEB32BC8FA7F00748753 /* GITSTUDYApp.swift */ = {isa = PBXFileReference; lastKnownFileType = sourcecode.swift; path = GITSTUDYApp.swift; sourceTree = "<group>"; };
		9DACFEB52BC8FA7F00748753 /* ContentView.swift */ = {isa = PBXFileReference; lastKnownFileType = sourcecode.swift; path = ContentView.swift; sourceTree = "<group>"; };
		9DACFEB72BC8FA8000748753 /* Assets.xcassets */ = {isa = PBXFileReference; lastKnownFileType = folder.assetcatalog; path = Assets.xcassets; sourceTree = "<group>"; };
		9DACFEBA2BC8FA8000748753 /* Preview Assets.xcassets */ = {isa = PBXFileReference; lastKnownFileType = folder.assetcatalog; path = "Preview Assets.xcassets"; sourceTree = "<group>"; };
		9DACFEC02BC8FA8000748753 /* GITSTUDYTests.xctest */ = {isa = PBXFileReference; explicitFileType = wrapper.cfbundle; includeInIndex = 0; path = GITSTUDYTests.xctest; sourceTree = BUILT_PRODUCTS_DIR; };
		9DACFEC42BC8FA8000748753 /* GITSTUDYTests.swift */ = {isa = PBXFileReference; lastKnownFileType = sourcecode.swift; path = GITSTUDYTests.swift; sourceTree = "<group>"; };
		9DACFECA2BC8FA8000748753 /* GITSTUDYUITests.xctest */ = {isa = PBXFileReference; explicitFileType = wrapper.cfbundle; includeInIndex = 0; path = GITSTUDYUITests.xctest; sourceTree = BUILT_PRODUCTS_DIR; };
		9DACFECE2BC8FA8000748753 /* GITSTUDYUITests.swift */ = {isa = PBXFileReference; lastKnownFileType = sourcecode.swift; path = GITSTUDYUITests.swift; sourceTree = "<group>"; };
		9DACFED02BC8FA8000748753 /* GITSTUDYUITestsLaunchTests.swift */ = {isa = PBXFileReference; lastKnownFileType = sourcecode.swift; path = GITSTUDYUITestsLaunchTests.swift; sourceTree = "<group>"; };
/* End PBXFileReference section */

/* Begin PBXFrameworksBuildPhase section */
		9DACFEAD2BC8FA7F00748753 /* Frameworks */ = {
			isa = PBXFrameworksBuildPhase;
			buildActionMask = 2147483647;
			files = (
			);
			runOnlyForDeploymentPostprocessing = 0;
		};
		9DACFEBD2BC8FA8000748753 /* Frameworks */ = {
			isa = PBXFrameworksBuildPhase;
			buildActionMask = 2147483647;
			files = (
			);
			runOnlyForDeploymentPostprocessing = 0;
		};
		9DACFEC72BC8FA8000748753 /* Frameworks */ = {
			isa = PBXFrameworksBuildPhase;
			buildActionMask = 2147483647;
			files = (
			);
			runOnlyForDeploymentPostprocessing = 0;
		};
/* End PBXFrameworksBuildPhase section */

/* Begin PBXGroup section */
		9DACFEA72BC8FA7F00748753 = {
			isa = PBXGroup;
			children = (
				9DACFEB22BC8FA7F00748753 /* GITSTUDY */,
				9DACFEC32BC8FA8000748753 /* GITSTUDYTests */,
				9DACFECD2BC8FA8000748753 /* GITSTUDYUITests */,
				9DACFEB12BC8FA7F00748753 /* Products */,
			);
			sourceTree = "<group>";
		};
		9DACFEB12BC8FA7F00748753 /* Products */ = {
			isa = PBXGroup;
			children = (
				9DACFEB02BC8FA7F00748753 /* GITSTUDY.app */,
				9DACFEC02BC8FA8000748753 /* GITSTUDYTests.xctest */,
				9DACFECA2BC8FA8000748753 /* GITSTUDYUITests.xctest */,
			);
			name = Products;
			sourceTree = "<group>";
		};
		9DACFEB22BC8FA7F00748753 /* GITSTUDY */ = {
			isa = PBXGroup;
			children = (
				9DACFEB32BC8FA7F00748753 /* GITSTUDYApp.swift */,
				9DACFEB52BC8FA7F00748753 /* ContentView.swift */,
				9DACFEB72BC8FA8000748753 /* Assets.xcassets */,
				9DACFEB92BC8FA8000748753 /* Preview Content */,
			);
			path = GITSTUDY;
			sourceTree = "<group>";
		};
		9DACFEB92BC8FA8000748753 /* Preview Content */ = {
			isa = PBXGroup;
			children = (
				9DACFEBA2BC8FA8000748753 /* Preview Assets.xcassets */,
			);
			path = "Preview Content";
			sourceTree = "<group>";
		};
		9DACFEC32BC8FA8000748753 /* GITSTUDYTests */ = {
			isa = PBXGroup;
			children = (
				9DACFEC42BC8FA8000748753 /* GITSTUDYTests.swift */,
			);
			path = GITSTUDYTests;
			sourceTree = "<group>";
		};
		9DACFECD2BC8FA8000748753 /* GITSTUDYUITests */ = {
			isa = PBXGroup;
			children = (
				9DACFECE2BC8FA8000748753 /* GITSTUDYUITests.swift */,
				9DACFED02BC8FA8000748753 /* GITSTUDYUITestsLaunchTests.swift */,
			);
			path = GITSTUDYUITests;
			sourceTree = "<group>";
		};
/* End PBXGroup section */

/* Begin PBXNativeTarget section */
		9DACFEAF2BC8FA7F00748753 /* GITSTUDY */ = {
			isa = PBXNativeTarget;
			buildConfigurationList = 9DACFED42BC8FA8000748753 /* Build configuration list for PBXNativeTarget "GITSTUDY" */;
			buildPhases = (
				9DACFEAC2BC8FA7F00748753 /* Sources */,
				9DACFEAD2BC8FA7F00748753 /* Frameworks */,
				9DACFEAE2BC8FA7F00748753 /* Resources */,
			);
			buildRules = (
			);
			dependencies = (
			);
			name = GITSTUDY;
			productName = GITSTUDY;
			productReference = 9DACFEB02BC8FA7F00748753 /* GITSTUDY.app */;
			productType = "com.apple.product-type.application";
		};
		9DACFEBF2BC8FA8000748753 /* GITSTUDYTests */ = {
			isa = PBXNativeTarget;
			buildConfigurationList = 9DACFED72BC8FA8000748753 /* Build configuration list for PBXNativeTarget "GITSTUDYTests" */;
			buildPhases = (
				9DACFEBC2BC8FA8000748753 /* Sources */,
				9DACFEBD2BC8FA8000748753 /* Frameworks */,
				9DACFEBE2BC8FA8000748753 /* Resources */,
			);
			buildRules = (
			);
			dependencies = (
				9DACFEC22BC8FA8000748753 /* PBXTargetDependency */,
			);
			name = GITSTUDYTests;
			productName = GITSTUDYTests;
			productReference = 9DACFEC02BC8FA8000748753 /* GITSTUDYTests.xctest */;
			productType = "com.apple.product-type.bundle.unit-test";
		};
		9DACFEC92BC8FA8000748753 /* GITSTUDYUITests */ = {
			isa = PBXNativeTarget;
			buildConfigurationList = 9DACFEDA2BC8FA8000748753 /* Build configuration list for PBXNativeTarget "GITSTUDYUITests" */;
			buildPhases = (
				9DACFEC62BC8FA8000748753 /* Sources */,
				9DACFEC72BC8FA8000748753 /* Frameworks */,
				9DACFEC82BC8FA8000748753 /* Resources */,
			);
			buildRules = (
			);
			dependencies = (
				9DACFECC2BC8FA8000748753 /* PBXTargetDependency */,
			);
			name = GITSTUDYUITests;
			productName = GITSTUDYUITests;
			productReference = 9DACFECA2BC8FA8000748753 /* GITSTUDYUITests.xctest */;
			productType = "com.apple.product-type.bundle.ui-testing";
		};
/* End PBXNativeTarget section */

/* Begin PBXProject section */
		9DACFEA82BC8FA7F00748753 /* Project object */ = {
			isa = PBXProject;
			attributes = {
				BuildIndependentTargetsInParallel = 1;
				LastSwiftUpdateCheck = 1530;
				LastUpgradeCheck = 1530;
				TargetAttributes = {
					9DACFEAF2BC8FA7F00748753 = {
						CreatedOnToolsVersion = 15.3;
					};
					9DACFEBF2BC8FA8000748753 = {
						CreatedOnToolsVersion = 15.3;
						TestTargetID = 9DACFEAF2BC8FA7F00748753;
					};
					9DACFEC92BC8FA8000748753 = {
						CreatedOnToolsVersion = 15.3;
						TestTargetID = 9DACFEAF2BC8FA7F00748753;
					};
				};
			};
			buildConfigurationList = 9DACFEAB2BC8FA7F00748753 /* Build configuration list for PBXProject "GITSTUDY" */;
			compatibilityVersion = "Xcode 14.0";
			developmentRegion = en;
			hasScannedForEncodings = 0;
			knownRegions = (
				en,
				Base,
			);
			mainGroup = 9DACFEA72BC8FA7F00748753;
			productRefGroup = 9DACFEB12BC8FA7F00748753 /* Products */;
			projectDirPath = "";
			projectRoot = "";
			targets = (
				9DACFEAF2BC8FA7F00748753 /* GITSTUDY */,
				9DACFEBF2BC8FA8000748753 /* GITSTUDYTests */,
				9DACFEC92BC8FA8000748753 /* GITSTUDYUITests */,
			);
		};
/* End PBXProject section */

/* Begin PBXResourcesBuildPhase section */
		9DACFEAE2BC8FA7F00748753 /* Resources */ = {
			isa = PBXResourcesBuildPhase;
			buildActionMask = 2147483647;
			files = (
				9DACFEBB2BC8FA8000748753 /* Preview Assets.xcassets in Resources */,
				9DACFEB82BC8FA8000748753 /* Assets.xcassets in Resources */,
			);
			runOnlyForDeploymentPostprocessing = 0;
		};
		9DACFEBE2BC8FA8000748753 /* Resources */ = {
			isa = PBXResourcesBuildPhase;
			buildActionMask = 2147483647;
			files = (
			);
			runOnlyForDeploymentPostprocessing = 0;
		};
		9DACFEC82BC8FA8000748753 /* Resources */ = {
			isa = PBXResourcesBuildPhase;
			buildActionMask = 2147483647;
			files = (
			);
			runOnlyForDeploymentPostprocessing = 0;
		};
/* End PBXResourcesBuildPhase section */

/* Begin PBXSourcesBuildPhase section */
		9DACFEAC2BC8FA7F00748753 /* Sources */ = {
			isa = PBXSourcesBuildPhase;
			buildActionMask = 2147483647;
			files = (
				9DACFEB62BC8FA7F00748753 /* ContentView.swift in Sources */,
				9DACFEB42BC8FA7F00748753 /* GITSTUDYApp.swift in Sources */,
			);
			runOnlyForDeploymentPostprocessing = 0;
		};
		9DACFEBC2BC8FA8000748753 /* Sources */ = {
			isa = PBXSourcesBuildPhase;
			buildActionMask = 2147483647;
			files = (
				9DACFEC52BC8FA8000748753 /* GITSTUDYTests.swift in Sources */,
			);
			runOnlyForDeploymentPostprocessing = 0;
		};
		9DACFEC62BC8FA8000748753 /* Sources */ = {
			isa = PBXSourcesBuildPhase;
			buildActionMask = 2147483647;
			files = (
				9DACFED12BC8FA8000748753 /* GITSTUDYUITestsLaunchTests.swift in Sources */,
				9DACFECF2BC8FA8000748753 /* GITSTUDYUITests.swift in Sources */,
			);
			runOnlyForDeploymentPostprocessing = 0;
		};
/* End PBXSourcesBuildPhase section */

/* Begin PBXTargetDependency section */
		9DACFEC22BC8FA8000748753 /* PBXTargetDependency */ = {
			isa = PBXTargetDependency;
			target = 9DACFEAF2BC8FA7F00748753 /* GITSTUDY */;
			targetProxy = 9DACFEC12BC8FA8000748753 /* PBXContainerItemProxy */;
		};
		9DACFECC2BC8FA8000748753 /* PBXTargetDependency */ = {
			isa = PBXTargetDependency;
			target = 9DACFEAF2BC8FA7F00748753 /* GITSTUDY */;
			targetProxy = 9DACFECB2BC8FA8000748753 /* PBXContainerItemProxy */;
		};
/* End PBXTargetDependency section */

/* Begin XCBuildConfiguration section */
		9DACFED22BC8FA8000748753 /* Debug */ = {
			isa = XCBuildConfiguration;
			buildSettings = {
				ALWAYS_SEARCH_USER_PATHS = NO;
				ASSETCATALOG_COMPILER_GENERATE_SWIFT_ASSET_SYMBOL_EXTENSIONS = YES;
				CLANG_ANALYZER_NONNULL = YES;
				CLANG_ANALYZER_NUMBER_OBJECT_CONVERSION = YES_AGGRESSIVE;
				CLANG_CXX_LANGUAGE_STANDARD = "gnu++20";
				CLANG_ENABLE_MODULES = YES;
				CLANG_ENABLE_OBJC_ARC = YES;
				CLANG_ENABLE_OBJC_WEAK = YES;
				CLANG_WARN_BLOCK_CAPTURE_AUTORELEASING = YES;
				CLANG_WARN_BOOL_CONVERSION = YES;
				CLANG_WARN_COMMA = YES;
				CLANG_WARN_CONSTANT_CONVERSION = YES;
				CLANG_WARN_DEPRECATED_OBJC_IMPLEMENTATIONS = YES;
				CLANG_WARN_DIRECT_OBJC_ISA_USAGE = YES_ERROR;
				CLANG_WARN_DOCUMENTATION_COMMENTS = YES;
				CLANG_WARN_EMPTY_BODY = YES;
				CLANG_WARN_ENUM_CONVERSION = YES;
				CLANG_WARN_INFINITE_RECURSION = YES;
				CLANG_WARN_INT_CONVERSION = YES;
				CLANG_WARN_NON_LITERAL_NULL_CONVERSION = YES;
				CLANG_WARN_OBJC_IMPLICIT_RETAIN_SELF = YES;
				CLANG_WARN_OBJC_LITERAL_CONVERSION = YES;
				CLANG_WARN_OBJC_ROOT_CLASS = YES_ERROR;
				CLANG_WARN_QUOTED_INCLUDE_IN_FRAMEWORK_HEADER = YES;
				CLANG_WARN_RANGE_LOOP_ANALYSIS = YES;
				CLANG_WARN_STRICT_PROTOTYPES = YES;
				CLANG_WARN_SUSPICIOUS_MOVE = YES;
				CLANG_WARN_UNGUARDED_AVAILABILITY = YES_AGGRESSIVE;
				CLANG_WARN_UNREACHABLE_CODE = YES;
				CLANG_WARN__DUPLICATE_METHOD_MATCH = YES;
				COPY_PHASE_STRIP = NO;
				DEBUG_INFORMATION_FORMAT = dwarf;
				ENABLE_STRICT_OBJC_MSGSEND = YES;
				ENABLE_TESTABILITY = YES;
				ENABLE_USER_SCRIPT_SANDBOXING = YES;
				GCC_C_LANGUAGE_STANDARD = gnu17;
				GCC_DYNAMIC_NO_PIC = NO;
				GCC_NO_COMMON_BLOCKS = YES;
				GCC_OPTIMIZATION_LEVEL = 0;
				GCC_PREPROCESSOR_DEFINITIONS = (
					"DEBUG=1",
					"$(inherited)",
				);
				GCC_WARN_64_TO_32_BIT_CONVERSION = YES;
				GCC_WARN_ABOUT_RETURN_TYPE = YES_ERROR;
				GCC_WARN_UNDECLARED_SELECTOR = YES;
				GCC_WARN_UNINITIALIZED_AUTOS = YES_AGGRESSIVE;
				GCC_WARN_UNUSED_FUNCTION = YES;
				GCC_WARN_UNUSED_VARIABLE = YES;
				IPHONEOS_DEPLOYMENT_TARGET = 17.4;
				LOCALIZATION_PREFERS_STRING_CATALOGS = YES;
				MTL_ENABLE_DEBUG_INFO = INCLUDE_SOURCE;
				MTL_FAST_MATH = YES;
				ONLY_ACTIVE_ARCH = YES;
				SDKROOT = iphoneos;
				SWIFT_ACTIVE_COMPILATION_CONDITIONS = "DEBUG $(inherited)";
				SWIFT_OPTIMIZATION_LEVEL = "-Onone";
			};
			name = Debug;
		};
		9DACFED32BC8FA8000748753 /* Release */ = {
			isa = XCBuildConfiguration;
			buildSettings = {
				ALWAYS_SEARCH_USER_PATHS = NO;
				ASSETCATALOG_COMPILER_GENERATE_SWIFT_ASSET_SYMBOL_EXTENSIONS = YES;
				CLANG_ANALYZER_NONNULL = YES;
				CLANG_ANALYZER_NUMBER_OBJECT_CONVERSION = YES_AGGRESSIVE;
				CLANG_CXX_LANGUAGE_STANDARD = "gnu++20";
				CLANG_ENABLE_MODULES = YES;
				CLANG_ENABLE_OBJC_ARC = YES;
				CLANG_ENABLE_OBJC_WEAK = YES;
				CLANG_WARN_BLOCK_CAPTURE_AUTORELEASING = YES;
				CLANG_WARN_BOOL_CONVERSION = YES;
				CLANG_WARN_COMMA = YES;
				CLANG_WARN_CONSTANT_CONVERSION = YES;
				CLANG_WARN_DEPRECATED_OBJC_IMPLEMENTATIONS = YES;
				CLANG_WARN_DIRECT_OBJC_ISA_USAGE = YES_ERROR;
				CLANG_WARN_DOCUMENTATION_COMMENTS = YES;
				CLANG_WARN_EMPTY_BODY = YES;
				CLANG_WARN_ENUM_CONVERSION = YES;
				CLANG_WARN_INFINITE_RECURSION = YES;
				CLANG_WARN_INT_CONVERSION = YES;
				CLANG_WARN_NON_LITERAL_NULL_CONVERSION = YES;
				CLANG_WARN_OBJC_IMPLICIT_RETAIN_SELF = YES;
				CLANG_WARN_OBJC_LITERAL_CONVERSION = YES;
				CLANG_WARN_OBJC_ROOT_CLASS = YES_ERROR;
				CLANG_WARN_QUOTED_INCLUDE_IN_FRAMEWORK_HEADER = YES;
				CLANG_WARN_RANGE_LOOP_ANALYSIS = YES;
				CLANG_WARN_STRICT_PROTOTYPES = YES;
				CLANG_WARN_SUSPICIOUS_MOVE = YES;
				CLANG_WARN_UNGUARDED_AVAILABILITY = YES_AGGRESSIVE;
				CLANG_WARN_UNREACHABLE_CODE = YES;
				CLANG_WARN__DUPLICATE_METHOD_MATCH = YES;
				COPY_PHASE_STRIP = NO;
				DEBUG_INFORMATION_FORMAT = "dwarf-with-dsym";
				ENABLE_NS_ASSERTIONS = NO;
				ENABLE_STRICT_OBJC_MSGSEND = YES;
				ENABLE_USER_SCRIPT_SANDBOXING = YES;
				GCC_C_LANGUAGE_STANDARD = gnu17;
				GCC_NO_COMMON_BLOCKS = YES;
				GCC_WARN_64_TO_32_BIT_CONVERSION = YES;
				GCC_WARN_ABOUT_RETURN_TYPE = YES_ERROR;
				GCC_WARN_UNDECLARED_SELECTOR = YES;
				GCC_WARN_UNINITIALIZED_AUTOS = YES_AGGRESSIVE;
				GCC_WARN_UNUSED_FUNCTION = YES;
				GCC_WARN_UNUSED_VARIABLE = YES;
				IPHONEOS_DEPLOYMENT_TARGET = 17.4;
				LOCALIZATION_PREFERS_STRING_CATALOGS = YES;
				MTL_ENABLE_DEBUG_INFO = NO;
				MTL_FAST_MATH = YES;
				SDKROOT = iphoneos;
				SWIFT_COMPILATION_MODE = wholemodule;
				VALIDATE_PRODUCT = YES;
			};
			name = Release;
		};
		9DACFED52BC8FA8000748753 /* Debug */ = {
			isa = XCBuildConfiguration;
			buildSettings = {
				ASSETCATALOG_COMPILER_APPICON_NAME = AppIcon;
				ASSETCATALOG_COMPILER_GLOBAL_ACCENT_COLOR_NAME = AccentColor;
				CODE_SIGN_STYLE = Automatic;
				CURRENT_PROJECT_VERSION = 1;
				DEVELOPMENT_ASSET_PATHS = "\"GITSTUDY/Preview Content\"";
				ENABLE_PREVIEWS = YES;
				GENERATE_INFOPLIST_FILE = YES;
				INFOPLIST_KEY_UIApplicationSceneManifest_Generation = YES;
				INFOPLIST_KEY_UIApplicationSupportsIndirectInputEvents = YES;
				INFOPLIST_KEY_UILaunchScreen_Generation = YES;
				INFOPLIST_KEY_UISupportedInterfaceOrientations_iPad = "UIInterfaceOrientationPortrait UIInterfaceOrientationPortraitUpsideDown UIInterfaceOrientationLandscapeLeft UIInterfaceOrientationLandscapeRight";
				INFOPLIST_KEY_UISupportedInterfaceOrientations_iPhone = "UIInterfaceOrientationPortrait UIInterfaceOrientationLandscapeLeft UIInterfaceOrientationLandscapeRight";
				LD_RUNPATH_SEARCH_PATHS = (
					"$(inherited)",
					"@executable_path/Frameworks",
				);
				MARKETING_VERSION = 1.0;
				PRODUCT_BUNDLE_IDENTIFIER = yunji.GITSTUDY;
				PRODUCT_NAME = "$(TARGET_NAME)";
				SWIFT_EMIT_LOC_STRINGS = YES;
				SWIFT_VERSION = 5.0;
				TARGETED_DEVICE_FAMILY = "1,2";
			};
			name = Debug;
		};
		9DACFED62BC8FA8000748753 /* Release */ = {
			isa = XCBuildConfiguration;
			buildSettings = {
				ASSETCATALOG_COMPILER_APPICON_NAME = AppIcon;
				ASSETCATALOG_COMPILER_GLOBAL_ACCENT_COLOR_NAME = AccentColor;
				CODE_SIGN_STYLE = Automatic;
				CURRENT_PROJECT_VERSION = 1;
				DEVELOPMENT_ASSET_PATHS = "\"GITSTUDY/Preview Content\"";
				ENABLE_PREVIEWS = YES;
				GENERATE_INFOPLIST_FILE = YES;
				INFOPLIST_KEY_UIApplicationSceneManifest_Generation = YES;
				INFOPLIST_KEY_UIApplicationSupportsIndirectInputEvents = YES;
				INFOPLIST_KEY_UILaunchScreen_Generation = YES;
				INFOPLIST_KEY_UISupportedInterfaceOrientations_iPad = "UIInterfaceOrientationPortrait UIInterfaceOrientationPortraitUpsideDown UIInterfaceOrientationLandscapeLeft UIInterfaceOrientationLandscapeRight";
				INFOPLIST_KEY_UISupportedInterfaceOrientations_iPhone = "UIInterfaceOrientationPortrait UIInterfaceOrientationLandscapeLeft UIInterfaceOrientationLandscapeRight";
				LD_RUNPATH_SEARCH_PATHS = (
					"$(inherited)",
					"@executable_path/Frameworks",
				);
				MARKETING_VERSION = 1.0;
				PRODUCT_BUNDLE_IDENTIFIER = yunji.GITSTUDY;
				PRODUCT_NAME = "$(TARGET_NAME)";
				SWIFT_EMIT_LOC_STRINGS = YES;
				SWIFT_VERSION = 5.0;
				TARGETED_DEVICE_FAMILY = "1,2";
			};
			name = Release;
		};
		9DACFED82BC8FA8000748753 /* Debug */ = {
			isa = XCBuildConfiguration;
			buildSettings = {
				ALWAYS_EMBED_SWIFT_STANDARD_LIBRARIES = YES;
				BUNDLE_LOADER = "$(TEST_HOST)";
				CODE_SIGN_STYLE = Automatic;
				CURRENT_PROJECT_VERSION = 1;
				GENERATE_INFOPLIST_FILE = YES;
				IPHONEOS_DEPLOYMENT_TARGET = 17.4;
				MARKETING_VERSION = 1.0;
				PRODUCT_BUNDLE_IDENTIFIER = yunji.GITSTUDYTests;
				PRODUCT_NAME = "$(TARGET_NAME)";
				SWIFT_EMIT_LOC_STRINGS = NO;
				SWIFT_VERSION = 5.0;
				TARGETED_DEVICE_FAMILY = "1,2";
				TEST_HOST = "$(BUILT_PRODUCTS_DIR)/GITSTUDY.app/$(BUNDLE_EXECUTABLE_FOLDER_PATH)/GITSTUDY";
			};
			name = Debug;
		};
		9DACFED92BC8FA8000748753 /* Release */ = {
			isa = XCBuildConfiguration;
			buildSettings = {
				ALWAYS_EMBED_SWIFT_STANDARD_LIBRARIES = YES;
				BUNDLE_LOADER = "$(TEST_HOST)";
				CODE_SIGN_STYLE = Automatic;
				CURRENT_PROJECT_VERSION = 1;
				GENERATE_INFOPLIST_FILE = YES;
				IPHONEOS_DEPLOYMENT_TARGET = 17.4;
				MARKETING_VERSION = 1.0;
				PRODUCT_BUNDLE_IDENTIFIER = yunji.GITSTUDYTests;
				PRODUCT_NAME = "$(TARGET_NAME)";
				SWIFT_EMIT_LOC_STRINGS = NO;
				SWIFT_VERSION = 5.0;
				TARGETED_DEVICE_FAMILY = "1,2";
				TEST_HOST = "$(BUILT_PRODUCTS_DIR)/GITSTUDY.app/$(BUNDLE_EXECUTABLE_FOLDER_PATH)/GITSTUDY";
			};
			name = Release;
		};
		9DACFEDB2BC8FA8000748753 /* Debug */ = {
			isa = XCBuildConfiguration;
			buildSettings = {
				ALWAYS_EMBED_SWIFT_STANDARD_LIBRARIES = YES;
				CODE_SIGN_STYLE = Automatic;
				CURRENT_PROJECT_VERSION = 1;
				GENERATE_INFOPLIST_FILE = YES;
				MARKETING_VERSION = 1.0;
				PRODUCT_BUNDLE_IDENTIFIER = yunji.GITSTUDYUITests;
				PRODUCT_NAME = "$(TARGET_NAME)";
				SWIFT_EMIT_LOC_STRINGS = NO;
				SWIFT_VERSION = 5.0;
				TARGETED_DEVICE_FAMILY = "1,2";
				TEST_TARGET_NAME = GITSTUDY;
			};
			name = Debug;
		};
		9DACFEDC2BC8FA8000748753 /* Release */ = {
			isa = XCBuildConfiguration;
			buildSettings = {
				ALWAYS_EMBED_SWIFT_STANDARD_LIBRARIES = YES;
				CODE_SIGN_STYLE = Automatic;
				CURRENT_PROJECT_VERSION = 1;
				GENERATE_INFOPLIST_FILE = YES;
				MARKETING_VERSION = 1.0;
				PRODUCT_BUNDLE_IDENTIFIER = yunji.GITSTUDYUITests;
				PRODUCT_NAME = "$(TARGET_NAME)";
				SWIFT_EMIT_LOC_STRINGS = NO;
				SWIFT_VERSION = 5.0;
				TARGETED_DEVICE_FAMILY = "1,2";
				TEST_TARGET_NAME = GITSTUDY;
			};
			name = Release;
		};
/* End XCBuildConfiguration section */

/* Begin XCConfigurationList section */
		9DACFEAB2BC8FA7F00748753 /* Build configuration list for PBXProject "GITSTUDY" */ = {
			isa = XCConfigurationList;
			buildConfigurations = (
				9DACFED22BC8FA8000748753 /* Debug */,
				9DACFED32BC8FA8000748753 /* Release */,
			);
			defaultConfigurationIsVisible = 0;
			defaultConfigurationName = Release;
		};
		9DACFED42BC8FA8000748753 /* Build configuration list for PBXNativeTarget "GITSTUDY" */ = {
			isa = XCConfigurationList;
			buildConfigurations = (
				9DACFED52BC8FA8000748753 /* Debug */,
				9DACFED62BC8FA8000748753 /* Release */,
			);
			defaultConfigurationIsVisible = 0;
			defaultConfigurationName = Release;
		};
		9DACFED72BC8FA8000748753 /* Build configuration list for PBXNativeTarget "GITSTUDYTests" */ = {
			isa = XCConfigurationList;
			buildConfigurations = (
				9DACFED82BC8FA8000748753 /* Debug */,
				9DACFED92BC8FA8000748753 /* Release */,
			);
			defaultConfigurationIsVisible = 0;
			defaultConfigurationName = Release;
		};
		9DACFEDA2BC8FA8000748753 /* Build configuration list for PBXNativeTarget "GITSTUDYUITests" */ = {
			isa = XCConfigurationList;
			buildConfigurations = (
				9DACFEDB2BC8FA8000748753 /* Debug */,
				9DACFEDC2BC8FA8000748753 /* Release */,
			);
			defaultConfigurationIsVisible = 0;
			defaultConfigurationName = Release;
		};
/* End XCConfigurationList section */
	};
	rootObject = 9DACFEA82BC8FA7F00748753 /* Project object */;
}
